
Microsoft Visual Studio Solution File, Format Version 12.00
# Visual Studio Version 17
VisualStudioVersion = 17.1.32414.318
MinimumVisualStudioVersion = 10.0.40219.1
Project("{8BC9CEB8-8B4A-11D0-8D11-00A0C91BC942}") = "1.1", "Romaniuk_Sławomir\Romaniuk_Sławomir.vcxproj", "{51CE5B3E-0349-4116-8C97-7CE54E101F4B}"
EndProject
Project("{8BC9CEB8-8B4A-11D0-8D11-00A0C91BC942}") = "1.2", "1.2\1.2.vcxproj", "{6E52CEB3-6AD9-49AA-9BFE-DED04CDF8B0B}"
EndProject
Project("{8BC9CEB8-8B4A-11D0-8D11-00A0C91BC942}") = "1.3", "1.3\1.3.vcxproj", "{FAF4208C-89D7-41A1-97EE-CA3FB457097C}"
EndProject
Project("{8BC9CEB8-8B4A-11D0-8D11-00A0C91BC942}") = "1.4", "1.4\1.4.vcxproj", "{7591DA7D-695A-4E0A-A72E-FABDE7341253}"
EndProject
Project("{8BC9CEB8-8B4A-11D0-8D11-00A0C91BC942}") = "1.5", "1.5\1.5.vcxproj", "{6C3F2CFB-8FBA-404F-B07F-41B01E9C1DDB}"
EndProject
Project("{8BC9CEB8-8B4A-11D0-8D11-00A0C91BC942}") = "1.6", "1.6\1.6.vcxproj", "{7EAABEB3-D098-434A-B625-50EADBC99257}"
EndProject
Project("{8BC9CEB8-8B4A-11D0-8D11-00A0C91BC942}") = "1.9 _ generator liczb pseudolosowych", "1.9 _ generator liczb pseudolosowych\1.9 _ generator liczb pseudolosowych.vcxproj", "{67C4C604-D614-485A-AC09-76FDCC0184B7}"
EndProject
Project("{8BC9CEB8-8B4A-11D0-8D11-00A0C91BC942}") = "2.2 funkcja do loosowannia", "2.2 funkcja do loosowannia\2.2 funkcja do loosowannia.vcxproj", "{FF228724-7C9B-4B29-A8BC-425BA329FD7F}"
EndProject
Project("{8BC9CEB8-8B4A-11D0-8D11-00A0C91BC942}") = "2.3 rzutowanie funkcje", "2.3 rzutowanie funkcje\2.3 rzutowanie funkcje.vcxproj", "{6B7C685C-9FFF-45CC-87D1-FA19A1D329A6}"
EndProject
Project("{8BC9CEB8-8B4A-11D0-8D11-00A0C91BC942}") = "2.4", "2.4\2.4.vcxproj", "{ACFE4156-5D0A-49AA-AF60-1AC607402357}"
EndProject
Project("{8BC9CEB8-8B4A-11D0-8D11-00A0C91BC942}") = "2.7 potęgowanie", "2.7 potęgowanie\2.7 potęgowanie.vcxproj", "{3DEA8B36-35CB-43DB-AC5C-2648466258C4}"
EndProject
Project("{8BC9CEB8-8B4A-11D0-8D11-00A0C91BC942}") = "2.8", "2.8\2.8.vcxproj", "{8162B6AB-06E1-46D3-AA31-330FF2E787A1}"
EndProject
Project("{8BC9CEB8-8B4A-11D0-8D11-00A0C91BC942}") = "2.9", "2.9\2.9.vcxproj", "{45B3A4A6-8D79-45EB-B4BB-0FF66BBE640B}"
EndProject
Project("{8BC9CEB8-8B4A-11D0-8D11-00A0C91BC942}") = "5.1", "5.1\5.1.vcxproj", "{FAF63892-62B8-4E66-938F-81B5335C1359}"
EndProject
Project("{8BC9CEB8-8B4A-11D0-8D11-00A0C91BC942}") = "5.2", "5.2\5.2.vcxproj", "{023DBDF9-F57E-46EB-BC7D-FBACDC6BFF62}"
EndProject
Project("{8BC9CEB8-8B4A-11D0-8D11-00A0C91BC942}") = "5.4", "5.4\5.4.vcxproj", "{CF91B76E-C69A-4546-9B6A-6534771F66BD}"
EndProject
Project("{8BC9CEB8-8B4A-11D0-8D11-00A0C91BC942}") = "5.5", "5.5\5.5.vcxproj", "{F2B62F8C-6141-4D6C-93ED-BC1D92F7F6E3}"
EndProject
Project("{8BC9CEB8-8B4A-11D0-8D11-00A0C91BC942}") = "2.5", "2.5\2.5.vcxproj", "{C28D5CB0-DCA3-4961-BD8B-589B3CBCB6FD}"
EndProject
Project("{8BC9CEB8-8B4A-11D0-8D11-00A0C91BC942}") = "2.6", "2.6\2.6.vcxproj", "{57EFC686-271A-44D3-8AB3-0C02BEC93045}"
EndProject
Project("{8BC9CEB8-8B4A-11D0-8D11-00A0C91BC942}") = "3.1", "3.1\3.1.vcxproj", "{CC6C170A-0DC3-455E-ACCD-FF730A1C197F}"
EndProject
Project("{8BC9CEB8-8B4A-11D0-8D11-00A0C91BC942}") = "3.2", "3.2\3.2.vcxproj", "{30EFA508-5CE8-4838-AAA9-C5034B9F2AF0}"
EndProject
Project("{8BC9CEB8-8B4A-11D0-8D11-00A0C91BC942}") = "3.3", "3.3\3.3.vcxproj", "{6C07D1FD-CB20-4FD3-974D-68F5FBD0D406}"
EndProject
Project("{8BC9CEB8-8B4A-11D0-8D11-00A0C91BC942}") = "4.2", "4.2\4.2.vcxproj", "{E55B146B-38BA-428F-8A8D-3F13F4E2B4A9}"
EndProject
Project("{8BC9CEB8-8B4A-11D0-8D11-00A0C91BC942}") = "4.3", "4.4\4.4.vcxproj", "{A1FF72CC-6530-4D03-9E8B-9C6311CAD40C}"
EndProject
Project("{8BC9CEB8-8B4A-11D0-8D11-00A0C91BC942}") = "4.4_", "4.4_\4.4_.vcxproj", "{D46CA9EE-0163-4810-AB3E-8A0C38B6E429}"
EndProject
Project("{8BC9CEB8-8B4A-11D0-8D11-00A0C91BC942}") = "4.6", "4.6\4.6.vcxproj", "{55A54EAF-A7B1-4781-AEF5-8D1AE8163719}"
EndProject
Project("{8BC9CEB8-8B4A-11D0-8D11-00A0C91BC942}") = "4.7", "4.7\4.7.vcxproj", "{5B1CA4EA-5C94-487D-9937-FA69A79BABA5}"
EndProject
Project("{8BC9CEB8-8B4A-11D0-8D11-00A0C91BC942}") = "4.8", "4.8\4.8.vcxproj", "{8A5A7F1E-91DF-4A07-89B4-80B4864F184F}"
EndProject
Project("{8BC9CEB8-8B4A-11D0-8D11-00A0C91BC942}") = "5.3 transponowanie", "5.3 transponowanie\5.3 transponowanie.vcxproj", "{74E8FE90-C0E7-449D-928F-8F367A4D3A94}"
EndProject
Project("{8BC9CEB8-8B4A-11D0-8D11-00A0C91BC942}") = "5.7 szachownica", "5.7 szachownica\5.7 szachownica.vcxproj", "{1BC85980-CB45-456E-9EC8-33489D0BC611}"
EndProject
Project("{8BC9CEB8-8B4A-11D0-8D11-00A0C91BC942}") = "5.10 i 5.11 sum two arrays", "5.10 sum two arrays\5.10 sum two arrays.vcxproj", "{F80A91D3-AC66-465C-99D5-49C8D844646E}"
EndProject
Project("{8BC9CEB8-8B4A-11D0-8D11-00A0C91BC942}") = "7.5 szyfrowanie", "7.5 szyfrowanie\7.5 szyfrowanie.vcxproj", "{6B0CC58F-FF47-4CAE-B1EE-FC50C6CD4557}"
EndProject
Project("{8BC9CEB8-8B4A-11D0-8D11-00A0C91BC942}") = "7.7 siedem w jednej linijce", "7.7 siedem w jednej linijce\7.7 siedem w jednej linijce.vcxproj", "{621B702B-1E06-4B28-9EE5-56FF2B1F452B}"
EndProject
Project("{8BC9CEB8-8B4A-11D0-8D11-00A0C91BC942}") = "7.11 kółko i krzyżyk", "7.11 kółko i krzyżyk\7.11 kółko i krzyżyk.vcxproj", "{0B7EBC07-37BA-4607-856B-003460C2F8FF}"
EndProject
Project("{8BC9CEB8-8B4A-11D0-8D11-00A0C91BC942}") = "klasa string analiza", "klasa string analiza\klasa string analiza.vcxproj", "{D433F968-45A7-401A-B9A7-9CFE5F41E9A2}"
EndProject
Project("{8BC9CEB8-8B4A-11D0-8D11-00A0C91BC942}") = "MODULO", "MODULO\MODULO.vcxproj", "{A8261847-2A17-4CFA-B587-1FDA22A36C67}"
EndProject
Project("{8BC9CEB8-8B4A-11D0-8D11-00A0C91BC942}") = "5.8 literki", "5.8 literki\5.8 literki.vcxproj", "{80E3A8C8-966A-4AEA-BEEC-EAB6477D4480}"
EndProject
Project("{8BC9CEB8-8B4A-11D0-8D11-00A0C91BC942}") = "5.9 zamiana", "5.9 zamiana\5.9 zamiana.vcxproj", "{ABA2BBBC-8ACB-43F1-94AC-30065E4F7D1A}"
EndProject
Project("{8BC9CEB8-8B4A-11D0-8D11-00A0C91BC942}") = "main z argumentami", "main z argumentami\main z argumentami.vcxproj", "{59CF398E-E731-40BA-A4AC-DCC5064416B4}"
EndProject
Project("{8BC9CEB8-8B4A-11D0-8D11-00A0C91BC942}") = "6.1", "6.1\6.1.vcxproj", "{F030263D-04A0-467B-A8BB-258704791FB1}"
EndProject
Project("{8BC9CEB8-8B4A-11D0-8D11-00A0C91BC942}") = "5.9 magda chr", "5.9 magda chrobek\5.9 magda chrobek.vcxproj", "{5176E777-397C-463F-B6D6-EEAEC16EE2F9}"
EndProject
Project("{8BC9CEB8-8B4A-11D0-8D11-00A0C91BC942}") = "7.1 naj wspólny dzielnik", "7.1 naj wspólny dzielnik\7.1 naj wspólny dzielnik.vcxproj", "{17FA88C4-DA7F-472C-AE40-19D6BAAE5D71}"
EndProject
Project("{8BC9CEB8-8B4A-11D0-8D11-00A0C91BC942}") = "4.9", "4.9\4.9.vcxproj", "{5311CE1A-B224-4C73-8E83-517FB286F38A}"
EndProject
Project("{8BC9CEB8-8B4A-11D0-8D11-00A0C91BC942}") = "4.10", "4.10\4.10.vcxproj", "{FD6F2E42-46C8-41F4-B12E-E8493DEB9EA7}"
EndProject
Project("{8BC9CEB8-8B4A-11D0-8D11-00A0C91BC942}") = "4.2 moje rozwiazanie", "4.2 moje rozwiazanie\4.2 moje rozwiazanie.vcxproj", "{9F7A7C3A-A653-4CF2-893A-37D28D0F871E}"
EndProject
Project("{8BC9CEB8-8B4A-11D0-8D11-00A0C91BC942}") = "7.2", "7.2\7.2.vcxproj", "{E1EDA56C-D08C-427C-9E82-3B8F38A80CCE}"
EndProject
Project("{8BC9CEB8-8B4A-11D0-8D11-00A0C91BC942}") = "7.4", "7.4\7.4.vcxproj", "{9341EFA2-4C06-4B06-9AE6-F732D6B88432}"
EndProject
Project("{8BC9CEB8-8B4A-11D0-8D11-00A0C91BC942}") = "7.3", "7.3\7.3.vcxproj", "{420AE538-6771-4E19-8CBB-96A1D60F6A55}"
EndProject
Project("{8BC9CEB8-8B4A-11D0-8D11-00A0C91BC942}") = "1.1", "1.1\1.1.vcxproj", "{9EBB59A2-152C-4A8F-A7F1-3C566EABE923}"
EndProject
Global
	GlobalSection(SolutionConfigurationPlatforms) = preSolution
		Debug|x64 = Debug|x64
		Debug|x86 = Debug|x86
		Release|x64 = Release|x64
		Release|x86 = Release|x86
	EndGlobalSection
	GlobalSection(ProjectConfigurationPlatforms) = postSolution
		{51CE5B3E-0349-4116-8C97-7CE54E101F4B}.Debug|x64.ActiveCfg = Debug|x64
		{51CE5B3E-0349-4116-8C97-7CE54E101F4B}.Debug|x64.Build.0 = Debug|x64
		{51CE5B3E-0349-4116-8C97-7CE54E101F4B}.Debug|x86.ActiveCfg = Debug|Win32
		{51CE5B3E-0349-4116-8C97-7CE54E101F4B}.Debug|x86.Build.0 = Debug|Win32
		{51CE5B3E-0349-4116-8C97-7CE54E101F4B}.Release|x64.ActiveCfg = Release|x64
		{51CE5B3E-0349-4116-8C97-7CE54E101F4B}.Release|x64.Build.0 = Release|x64
		{51CE5B3E-0349-4116-8C97-7CE54E101F4B}.Release|x86.ActiveCfg = Release|Win32
		{51CE5B3E-0349-4116-8C97-7CE54E101F4B}.Release|x86.Build.0 = Release|Win32
		{6E52CEB3-6AD9-49AA-9BFE-DED04CDF8B0B}.Debug|x64.ActiveCfg = Debug|x64
		{6E52CEB3-6AD9-49AA-9BFE-DED04CDF8B0B}.Debug|x64.Build.0 = Debug|x64
		{6E52CEB3-6AD9-49AA-9BFE-DED04CDF8B0B}.Debug|x86.ActiveCfg = Debug|Win32
		{6E52CEB3-6AD9-49AA-9BFE-DED04CDF8B0B}.Debug|x86.Build.0 = Debug|Win32
		{6E52CEB3-6AD9-49AA-9BFE-DED04CDF8B0B}.Release|x64.ActiveCfg = Release|x64
		{6E52CEB3-6AD9-49AA-9BFE-DED04CDF8B0B}.Release|x64.Build.0 = Release|x64
		{6E52CEB3-6AD9-49AA-9BFE-DED04CDF8B0B}.Release|x86.ActiveCfg = Release|Win32
		{6E52CEB3-6AD9-49AA-9BFE-DED04CDF8B0B}.Release|x86.Build.0 = Release|Win32
		{FAF4208C-89D7-41A1-97EE-CA3FB457097C}.Debug|x64.ActiveCfg = Debug|x64
		{FAF4208C-89D7-41A1-97EE-CA3FB457097C}.Debug|x64.Build.0 = Debug|x64
		{FAF4208C-89D7-41A1-97EE-CA3FB457097C}.Debug|x86.ActiveCfg = Debug|Win32
		{FAF4208C-89D7-41A1-97EE-CA3FB457097C}.Debug|x86.Build.0 = Debug|Win32
		{FAF4208C-89D7-41A1-97EE-CA3FB457097C}.Release|x64.ActiveCfg = Release|x64
		{FAF4208C-89D7-41A1-97EE-CA3FB457097C}.Release|x64.Build.0 = Release|x64
		{FAF4208C-89D7-41A1-97EE-CA3FB457097C}.Release|x86.ActiveCfg = Release|Win32
		{FAF4208C-89D7-41A1-97EE-CA3FB457097C}.Release|x86.Build.0 = Release|Win32
		{7591DA7D-695A-4E0A-A72E-FABDE7341253}.Debug|x64.ActiveCfg = Debug|x64
		{7591DA7D-695A-4E0A-A72E-FABDE7341253}.Debug|x64.Build.0 = Debug|x64
		{7591DA7D-695A-4E0A-A72E-FABDE7341253}.Debug|x86.ActiveCfg = Debug|Win32
		{7591DA7D-695A-4E0A-A72E-FABDE7341253}.Debug|x86.Build.0 = Debug|Win32
		{7591DA7D-695A-4E0A-A72E-FABDE7341253}.Release|x64.ActiveCfg = Release|x64
		{7591DA7D-695A-4E0A-A72E-FABDE7341253}.Release|x64.Build.0 = Release|x64
		{7591DA7D-695A-4E0A-A72E-FABDE7341253}.Release|x86.ActiveCfg = Release|Win32
		{7591DA7D-695A-4E0A-A72E-FABDE7341253}.Release|x86.Build.0 = Release|Win32
		{6C3F2CFB-8FBA-404F-B07F-41B01E9C1DDB}.Debug|x64.ActiveCfg = Debug|x64
		{6C3F2CFB-8FBA-404F-B07F-41B01E9C1DDB}.Debug|x64.Build.0 = Debug|x64
		{6C3F2CFB-8FBA-404F-B07F-41B01E9C1DDB}.Debug|x86.ActiveCfg = Debug|Win32
		{6C3F2CFB-8FBA-404F-B07F-41B01E9C1DDB}.Debug|x86.Build.0 = Debug|Win32
		{6C3F2CFB-8FBA-404F-B07F-41B01E9C1DDB}.Release|x64.ActiveCfg = Release|x64
		{6C3F2CFB-8FBA-404F-B07F-41B01E9C1DDB}.Release|x64.Build.0 = Release|x64
		{6C3F2CFB-8FBA-404F-B07F-41B01E9C1DDB}.Release|x86.ActiveCfg = Release|Win32
		{6C3F2CFB-8FBA-404F-B07F-41B01E9C1DDB}.Release|x86.Build.0 = Release|Win32
		{7EAABEB3-D098-434A-B625-50EADBC99257}.Debug|x64.ActiveCfg = Debug|x64
		{7EAABEB3-D098-434A-B625-50EADBC99257}.Debug|x64.Build.0 = Debug|x64
		{7EAABEB3-D098-434A-B625-50EADBC99257}.Debug|x86.ActiveCfg = Debug|Win32
		{7EAABEB3-D098-434A-B625-50EADBC99257}.Debug|x86.Build.0 = Debug|Win32
		{7EAABEB3-D098-434A-B625-50EADBC99257}.Release|x64.ActiveCfg = Release|x64
		{7EAABEB3-D098-434A-B625-50EADBC99257}.Release|x64.Build.0 = Release|x64
		{7EAABEB3-D098-434A-B625-50EADBC99257}.Release|x86.ActiveCfg = Release|Win32
		{7EAABEB3-D098-434A-B625-50EADBC99257}.Release|x86.Build.0 = Release|Win32
		{67C4C604-D614-485A-AC09-76FDCC0184B7}.Debug|x64.ActiveCfg = Debug|x64
		{67C4C604-D614-485A-AC09-76FDCC0184B7}.Debug|x64.Build.0 = Debug|x64
		{67C4C604-D614-485A-AC09-76FDCC0184B7}.Debug|x86.ActiveCfg = Debug|Win32
		{67C4C604-D614-485A-AC09-76FDCC0184B7}.Debug|x86.Build.0 = Debug|Win32
		{67C4C604-D614-485A-AC09-76FDCC0184B7}.Release|x64.ActiveCfg = Release|x64
		{67C4C604-D614-485A-AC09-76FDCC0184B7}.Release|x64.Build.0 = Release|x64
		{67C4C604-D614-485A-AC09-76FDCC0184B7}.Release|x86.ActiveCfg = Release|Win32
		{67C4C604-D614-485A-AC09-76FDCC0184B7}.Release|x86.Build.0 = Release|Win32
		{FF228724-7C9B-4B29-A8BC-425BA329FD7F}.Debug|x64.ActiveCfg = Debug|x64
		{FF228724-7C9B-4B29-A8BC-425BA329FD7F}.Debug|x64.Build.0 = Debug|x64
		{FF228724-7C9B-4B29-A8BC-425BA329FD7F}.Debug|x86.ActiveCfg = Debug|Win32
		{FF228724-7C9B-4B29-A8BC-425BA329FD7F}.Debug|x86.Build.0 = Debug|Win32
		{FF228724-7C9B-4B29-A8BC-425BA329FD7F}.Release|x64.ActiveCfg = Release|x64
		{FF228724-7C9B-4B29-A8BC-425BA329FD7F}.Release|x64.Build.0 = Release|x64
		{FF228724-7C9B-4B29-A8BC-425BA329FD7F}.Release|x86.ActiveCfg = Release|Win32
		{FF228724-7C9B-4B29-A8BC-425BA329FD7F}.Release|x86.Build.0 = Release|Win32
		{6B7C685C-9FFF-45CC-87D1-FA19A1D329A6}.Debug|x64.ActiveCfg = Debug|x64
		{6B7C685C-9FFF-45CC-87D1-FA19A1D329A6}.Debug|x64.Build.0 = Debug|x64
		{6B7C685C-9FFF-45CC-87D1-FA19A1D329A6}.Debug|x86.ActiveCfg = Debug|Win32
		{6B7C685C-9FFF-45CC-87D1-FA19A1D329A6}.Debug|x86.Build.0 = Debug|Win32
		{6B7C685C-9FFF-45CC-87D1-FA19A1D329A6}.Release|x64.ActiveCfg = Release|x64
		{6B7C685C-9FFF-45CC-87D1-FA19A1D329A6}.Release|x64.Build.0 = Release|x64
		{6B7C685C-9FFF-45CC-87D1-FA19A1D329A6}.Release|x86.ActiveCfg = Release|Win32
		{6B7C685C-9FFF-45CC-87D1-FA19A1D329A6}.Release|x86.Build.0 = Release|Win32
		{ACFE4156-5D0A-49AA-AF60-1AC607402357}.Debug|x64.ActiveCfg = Debug|x64
		{ACFE4156-5D0A-49AA-AF60-1AC607402357}.Debug|x64.Build.0 = Debug|x64
		{ACFE4156-5D0A-49AA-AF60-1AC607402357}.Debug|x86.ActiveCfg = Debug|Win32
		{ACFE4156-5D0A-49AA-AF60-1AC607402357}.Debug|x86.Build.0 = Debug|Win32
		{ACFE4156-5D0A-49AA-AF60-1AC607402357}.Release|x64.ActiveCfg = Release|x64
		{ACFE4156-5D0A-49AA-AF60-1AC607402357}.Release|x64.Build.0 = Release|x64
		{ACFE4156-5D0A-49AA-AF60-1AC607402357}.Release|x86.ActiveCfg = Release|Win32
		{ACFE4156-5D0A-49AA-AF60-1AC607402357}.Release|x86.Build.0 = Release|Win32
		{3DEA8B36-35CB-43DB-AC5C-2648466258C4}.Debug|x64.ActiveCfg = Debug|x64
		{3DEA8B36-35CB-43DB-AC5C-2648466258C4}.Debug|x64.Build.0 = Debug|x64
		{3DEA8B36-35CB-43DB-AC5C-2648466258C4}.Debug|x86.ActiveCfg = Debug|Win32
		{3DEA8B36-35CB-43DB-AC5C-2648466258C4}.Debug|x86.Build.0 = Debug|Win32
		{3DEA8B36-35CB-43DB-AC5C-2648466258C4}.Release|x64.ActiveCfg = Release|x64
		{3DEA8B36-35CB-43DB-AC5C-2648466258C4}.Release|x64.Build.0 = Release|x64
		{3DEA8B36-35CB-43DB-AC5C-2648466258C4}.Release|x86.ActiveCfg = Release|Win32
		{3DEA8B36-35CB-43DB-AC5C-2648466258C4}.Release|x86.Build.0 = Release|Win32
		{8162B6AB-06E1-46D3-AA31-330FF2E787A1}.Debug|x64.ActiveCfg = Debug|x64
		{8162B6AB-06E1-46D3-AA31-330FF2E787A1}.Debug|x64.Build.0 = Debug|x64
		{8162B6AB-06E1-46D3-AA31-330FF2E787A1}.Debug|x86.ActiveCfg = Debug|Win32
		{8162B6AB-06E1-46D3-AA31-330FF2E787A1}.Debug|x86.Build.0 = Debug|Win32
		{8162B6AB-06E1-46D3-AA31-330FF2E787A1}.Release|x64.ActiveCfg = Release|x64
		{8162B6AB-06E1-46D3-AA31-330FF2E787A1}.Release|x64.Build.0 = Release|x64
		{8162B6AB-06E1-46D3-AA31-330FF2E787A1}.Release|x86.ActiveCfg = Release|Win32
		{8162B6AB-06E1-46D3-AA31-330FF2E787A1}.Release|x86.Build.0 = Release|Win32
		{45B3A4A6-8D79-45EB-B4BB-0FF66BBE640B}.Debug|x64.ActiveCfg = Debug|x64
		{45B3A4A6-8D79-45EB-B4BB-0FF66BBE640B}.Debug|x64.Build.0 = Debug|x64
		{45B3A4A6-8D79-45EB-B4BB-0FF66BBE640B}.Debug|x86.ActiveCfg = Debug|Win32
		{45B3A4A6-8D79-45EB-B4BB-0FF66BBE640B}.Debug|x86.Build.0 = Debug|Win32
		{45B3A4A6-8D79-45EB-B4BB-0FF66BBE640B}.Release|x64.ActiveCfg = Release|x64
		{45B3A4A6-8D79-45EB-B4BB-0FF66BBE640B}.Release|x64.Build.0 = Release|x64
		{45B3A4A6-8D79-45EB-B4BB-0FF66BBE640B}.Release|x86.ActiveCfg = Release|Win32
		{45B3A4A6-8D79-45EB-B4BB-0FF66BBE640B}.Release|x86.Build.0 = Release|Win32
		{FAF63892-62B8-4E66-938F-81B5335C1359}.Debug|x64.ActiveCfg = Debug|x64
		{FAF63892-62B8-4E66-938F-81B5335C1359}.Debug|x64.Build.0 = Debug|x64
		{FAF63892-62B8-4E66-938F-81B5335C1359}.Debug|x86.ActiveCfg = Debug|Win32
		{FAF63892-62B8-4E66-938F-81B5335C1359}.Debug|x86.Build.0 = Debug|Win32
		{FAF63892-62B8-4E66-938F-81B5335C1359}.Release|x64.ActiveCfg = Release|x64
		{FAF63892-62B8-4E66-938F-81B5335C1359}.Release|x64.Build.0 = Release|x64
		{FAF63892-62B8-4E66-938F-81B5335C1359}.Release|x86.ActiveCfg = Release|Win32
		{FAF63892-62B8-4E66-938F-81B5335C1359}.Release|x86.Build.0 = Release|Win32
		{023DBDF9-F57E-46EB-BC7D-FBACDC6BFF62}.Debug|x64.ActiveCfg = Debug|x64
		{023DBDF9-F57E-46EB-BC7D-FBACDC6BFF62}.Debug|x64.Build.0 = Debug|x64
		{023DBDF9-F57E-46EB-BC7D-FBACDC6BFF62}.Debug|x86.ActiveCfg = Debug|Win32
		{023DBDF9-F57E-46EB-BC7D-FBACDC6BFF62}.Debug|x86.Build.0 = Debug|Win32
		{023DBDF9-F57E-46EB-BC7D-FBACDC6BFF62}.Release|x64.ActiveCfg = Release|x64
		{023DBDF9-F57E-46EB-BC7D-FBACDC6BFF62}.Release|x64.Build.0 = Release|x64
		{023DBDF9-F57E-46EB-BC7D-FBACDC6BFF62}.Release|x86.ActiveCfg = Release|Win32
		{023DBDF9-F57E-46EB-BC7D-FBACDC6BFF62}.Release|x86.Build.0 = Release|Win32
		{CF91B76E-C69A-4546-9B6A-6534771F66BD}.Debug|x64.ActiveCfg = Debug|x64
		{CF91B76E-C69A-4546-9B6A-6534771F66BD}.Debug|x64.Build.0 = Debug|x64
		{CF91B76E-C69A-4546-9B6A-6534771F66BD}.Debug|x86.ActiveCfg = Debug|Win32
		{CF91B76E-C69A-4546-9B6A-6534771F66BD}.Debug|x86.Build.0 = Debug|Win32
		{CF91B76E-C69A-4546-9B6A-6534771F66BD}.Release|x64.ActiveCfg = Release|x64
		{CF91B76E-C69A-4546-9B6A-6534771F66BD}.Release|x64.Build.0 = Release|x64
		{CF91B76E-C69A-4546-9B6A-6534771F66BD}.Release|x86.ActiveCfg = Release|Win32
		{CF91B76E-C69A-4546-9B6A-6534771F66BD}.Release|x86.Build.0 = Release|Win32
		{F2B62F8C-6141-4D6C-93ED-BC1D92F7F6E3}.Debug|x64.ActiveCfg = Debug|x64
		{F2B62F8C-6141-4D6C-93ED-BC1D92F7F6E3}.Debug|x64.Build.0 = Debug|x64
		{F2B62F8C-6141-4D6C-93ED-BC1D92F7F6E3}.Debug|x86.ActiveCfg = Debug|Win32
		{F2B62F8C-6141-4D6C-93ED-BC1D92F7F6E3}.Debug|x86.Build.0 = Debug|Win32
		{F2B62F8C-6141-4D6C-93ED-BC1D92F7F6E3}.Release|x64.ActiveCfg = Release|x64
		{F2B62F8C-6141-4D6C-93ED-BC1D92F7F6E3}.Release|x64.Build.0 = Release|x64
		{F2B62F8C-6141-4D6C-93ED-BC1D92F7F6E3}.Release|x86.ActiveCfg = Release|Win32
		{F2B62F8C-6141-4D6C-93ED-BC1D92F7F6E3}.Release|x86.Build.0 = Release|Win32
		{C28D5CB0-DCA3-4961-BD8B-589B3CBCB6FD}.Debug|x64.ActiveCfg = Debug|x64
		{C28D5CB0-DCA3-4961-BD8B-589B3CBCB6FD}.Debug|x64.Build.0 = Debug|x64
		{C28D5CB0-DCA3-4961-BD8B-589B3CBCB6FD}.Debug|x86.ActiveCfg = Debug|Win32
		{C28D5CB0-DCA3-4961-BD8B-589B3CBCB6FD}.Debug|x86.Build.0 = Debug|Win32
		{C28D5CB0-DCA3-4961-BD8B-589B3CBCB6FD}.Release|x64.ActiveCfg = Release|x64
		{C28D5CB0-DCA3-4961-BD8B-589B3CBCB6FD}.Release|x64.Build.0 = Release|x64
		{C28D5CB0-DCA3-4961-BD8B-589B3CBCB6FD}.Release|x86.ActiveCfg = Release|Win32
		{C28D5CB0-DCA3-4961-BD8B-589B3CBCB6FD}.Release|x86.Build.0 = Release|Win32
		{57EFC686-271A-44D3-8AB3-0C02BEC93045}.Debug|x64.ActiveCfg = Debug|x64
		{57EFC686-271A-44D3-8AB3-0C02BEC93045}.Debug|x64.Build.0 = Debug|x64
		{57EFC686-271A-44D3-8AB3-0C02BEC93045}.Debug|x86.ActiveCfg = Debug|Win32
		{57EFC686-271A-44D3-8AB3-0C02BEC93045}.Debug|x86.Build.0 = Debug|Win32
		{57EFC686-271A-44D3-8AB3-0C02BEC93045}.Release|x64.ActiveCfg = Release|x64
		{57EFC686-271A-44D3-8AB3-0C02BEC93045}.Release|x64.Build.0 = Release|x64
		{57EFC686-271A-44D3-8AB3-0C02BEC93045}.Release|x86.ActiveCfg = Release|Win32
		{57EFC686-271A-44D3-8AB3-0C02BEC93045}.Release|x86.Build.0 = Release|Win32
		{CC6C170A-0DC3-455E-ACCD-FF730A1C197F}.Debug|x64.ActiveCfg = Debug|x64
		{CC6C170A-0DC3-455E-ACCD-FF730A1C197F}.Debug|x64.Build.0 = Debug|x64
		{CC6C170A-0DC3-455E-ACCD-FF730A1C197F}.Debug|x86.ActiveCfg = Debug|Win32
		{CC6C170A-0DC3-455E-ACCD-FF730A1C197F}.Debug|x86.Build.0 = Debug|Win32
		{CC6C170A-0DC3-455E-ACCD-FF730A1C197F}.Release|x64.ActiveCfg = Release|x64
		{CC6C170A-0DC3-455E-ACCD-FF730A1C197F}.Release|x64.Build.0 = Release|x64
		{CC6C170A-0DC3-455E-ACCD-FF730A1C197F}.Release|x86.ActiveCfg = Release|Win32
		{CC6C170A-0DC3-455E-ACCD-FF730A1C197F}.Release|x86.Build.0 = Release|Win32
		{30EFA508-5CE8-4838-AAA9-C5034B9F2AF0}.Debug|x64.ActiveCfg = Debug|x64
		{30EFA508-5CE8-4838-AAA9-C5034B9F2AF0}.Debug|x64.Build.0 = Debug|x64
		{30EFA508-5CE8-4838-AAA9-C5034B9F2AF0}.Debug|x86.ActiveCfg = Debug|Win32
		{30EFA508-5CE8-4838-AAA9-C5034B9F2AF0}.Debug|x86.Build.0 = Debug|Win32
		{30EFA508-5CE8-4838-AAA9-C5034B9F2AF0}.Release|x64.ActiveCfg = Release|x64
		{30EFA508-5CE8-4838-AAA9-C5034B9F2AF0}.Release|x64.Build.0 = Release|x64
		{30EFA508-5CE8-4838-AAA9-C5034B9F2AF0}.Release|x86.ActiveCfg = Release|Win32
		{30EFA508-5CE8-4838-AAA9-C5034B9F2AF0}.Release|x86.Build.0 = Release|Win32
		{6C07D1FD-CB20-4FD3-974D-68F5FBD0D406}.Debug|x64.ActiveCfg = Debug|x64
		{6C07D1FD-CB20-4FD3-974D-68F5FBD0D406}.Debug|x64.Build.0 = Debug|x64
		{6C07D1FD-CB20-4FD3-974D-68F5FBD0D406}.Debug|x86.ActiveCfg = Debug|Win32
		{6C07D1FD-CB20-4FD3-974D-68F5FBD0D406}.Debug|x86.Build.0 = Debug|Win32
		{6C07D1FD-CB20-4FD3-974D-68F5FBD0D406}.Release|x64.ActiveCfg = Release|x64
		{6C07D1FD-CB20-4FD3-974D-68F5FBD0D406}.Release|x64.Build.0 = Release|x64
		{6C07D1FD-CB20-4FD3-974D-68F5FBD0D406}.Release|x86.ActiveCfg = Release|Win32
		{6C07D1FD-CB20-4FD3-974D-68F5FBD0D406}.Release|x86.Build.0 = Release|Win32
		{E55B146B-38BA-428F-8A8D-3F13F4E2B4A9}.Debug|x64.ActiveCfg = Debug|x64
		{E55B146B-38BA-428F-8A8D-3F13F4E2B4A9}.Debug|x64.Build.0 = Debug|x64
		{E55B146B-38BA-428F-8A8D-3F13F4E2B4A9}.Debug|x86.ActiveCfg = Debug|Win32
		{E55B146B-38BA-428F-8A8D-3F13F4E2B4A9}.Debug|x86.Build.0 = Debug|Win32
		{E55B146B-38BA-428F-8A8D-3F13F4E2B4A9}.Release|x64.ActiveCfg = Release|x64
		{E55B146B-38BA-428F-8A8D-3F13F4E2B4A9}.Release|x64.Build.0 = Release|x64
		{E55B146B-38BA-428F-8A8D-3F13F4E2B4A9}.Release|x86.ActiveCfg = Release|Win32
		{E55B146B-38BA-428F-8A8D-3F13F4E2B4A9}.Release|x86.Build.0 = Release|Win32
		{A1FF72CC-6530-4D03-9E8B-9C6311CAD40C}.Debug|x64.ActiveCfg = Debug|x64
		{A1FF72CC-6530-4D03-9E8B-9C6311CAD40C}.Debug|x64.Build.0 = Debug|x64
		{A1FF72CC-6530-4D03-9E8B-9C6311CAD40C}.Debug|x86.ActiveCfg = Debug|Win32
		{A1FF72CC-6530-4D03-9E8B-9C6311CAD40C}.Debug|x86.Build.0 = Debug|Win32
		{A1FF72CC-6530-4D03-9E8B-9C6311CAD40C}.Release|x64.ActiveCfg = Release|x64
		{A1FF72CC-6530-4D03-9E8B-9C6311CAD40C}.Release|x64.Build.0 = Release|x64
		{A1FF72CC-6530-4D03-9E8B-9C6311CAD40C}.Release|x86.ActiveCfg = Release|Win32
		{A1FF72CC-6530-4D03-9E8B-9C6311CAD40C}.Release|x86.Build.0 = Release|Win32
		{D46CA9EE-0163-4810-AB3E-8A0C38B6E429}.Debug|x64.ActiveCfg = Debug|x64
		{D46CA9EE-0163-4810-AB3E-8A0C38B6E429}.Debug|x64.Build.0 = Debug|x64
		{D46CA9EE-0163-4810-AB3E-8A0C38B6E429}.Debug|x86.ActiveCfg = Debug|Win32
		{D46CA9EE-0163-4810-AB3E-8A0C38B6E429}.Debug|x86.Build.0 = Debug|Win32
		{D46CA9EE-0163-4810-AB3E-8A0C38B6E429}.Release|x64.ActiveCfg = Release|x64
		{D46CA9EE-0163-4810-AB3E-8A0C38B6E429}.Release|x64.Build.0 = Release|x64
		{D46CA9EE-0163-4810-AB3E-8A0C38B6E429}.Release|x86.ActiveCfg = Release|Win32
		{D46CA9EE-0163-4810-AB3E-8A0C38B6E429}.Release|x86.Build.0 = Release|Win32
		{55A54EAF-A7B1-4781-AEF5-8D1AE8163719}.Debug|x64.ActiveCfg = Debug|x64
		{55A54EAF-A7B1-4781-AEF5-8D1AE8163719}.Debug|x64.Build.0 = Debug|x64
		{55A54EAF-A7B1-4781-AEF5-8D1AE8163719}.Debug|x86.ActiveCfg = Debug|Win32
		{55A54EAF-A7B1-4781-AEF5-8D1AE8163719}.Debug|x86.Build.0 = Debug|Win32
		{55A54EAF-A7B1-4781-AEF5-8D1AE8163719}.Release|x64.ActiveCfg = Release|x64
		{55A54EAF-A7B1-4781-AEF5-8D1AE8163719}.Release|x64.Build.0 = Release|x64
		{55A54EAF-A7B1-4781-AEF5-8D1AE8163719}.Release|x86.ActiveCfg = Release|Win32
		{55A54EAF-A7B1-4781-AEF5-8D1AE8163719}.Release|x86.Build.0 = Release|Win32
		{5B1CA4EA-5C94-487D-9937-FA69A79BABA5}.Debug|x64.ActiveCfg = Debug|x64
		{5B1CA4EA-5C94-487D-9937-FA69A79BABA5}.Debug|x64.Build.0 = Debug|x64
		{5B1CA4EA-5C94-487D-9937-FA69A79BABA5}.Debug|x86.ActiveCfg = Debug|Win32
		{5B1CA4EA-5C94-487D-9937-FA69A79BABA5}.Debug|x86.Build.0 = Debug|Win32
		{5B1CA4EA-5C94-487D-9937-FA69A79BABA5}.Release|x64.ActiveCfg = Release|x64
		{5B1CA4EA-5C94-487D-9937-FA69A79BABA5}.Release|x64.Build.0 = Release|x64
		{5B1CA4EA-5C94-487D-9937-FA69A79BABA5}.Release|x86.ActiveCfg = Release|Win32
		{5B1CA4EA-5C94-487D-9937-FA69A79BABA5}.Release|x86.Build.0 = Release|Win32
		{8A5A7F1E-91DF-4A07-89B4-80B4864F184F}.Debug|x64.ActiveCfg = Debug|x64
		{8A5A7F1E-91DF-4A07-89B4-80B4864F184F}.Debug|x64.Build.0 = Debug|x64
		{8A5A7F1E-91DF-4A07-89B4-80B4864F184F}.Debug|x86.ActiveCfg = Debug|Win32
		{8A5A7F1E-91DF-4A07-89B4-80B4864F184F}.Debug|x86.Build.0 = Debug|Win32
		{8A5A7F1E-91DF-4A07-89B4-80B4864F184F}.Release|x64.ActiveCfg = Release|x64
		{8A5A7F1E-91DF-4A07-89B4-80B4864F184F}.Release|x64.Build.0 = Release|x64
		{8A5A7F1E-91DF-4A07-89B4-80B4864F184F}.Release|x86.ActiveCfg = Release|Win32
		{8A5A7F1E-91DF-4A07-89B4-80B4864F184F}.Release|x86.Build.0 = Release|Win32
		{74E8FE90-C0E7-449D-928F-8F367A4D3A94}.Debug|x64.ActiveCfg = Debug|x64
		{74E8FE90-C0E7-449D-928F-8F367A4D3A94}.Debug|x64.Build.0 = Debug|x64
		{74E8FE90-C0E7-449D-928F-8F367A4D3A94}.Debug|x86.ActiveCfg = Debug|Win32
		{74E8FE90-C0E7-449D-928F-8F367A4D3A94}.Debug|x86.Build.0 = Debug|Win32
		{74E8FE90-C0E7-449D-928F-8F367A4D3A94}.Release|x64.ActiveCfg = Release|x64
		{74E8FE90-C0E7-449D-928F-8F367A4D3A94}.Release|x64.Build.0 = Release|x64
		{74E8FE90-C0E7-449D-928F-8F367A4D3A94}.Release|x86.ActiveCfg = Release|Win32
		{74E8FE90-C0E7-449D-928F-8F367A4D3A94}.Release|x86.Build.0 = Release|Win32
		{1BC85980-CB45-456E-9EC8-33489D0BC611}.Debug|x64.ActiveCfg = Debug|x64
		{1BC85980-CB45-456E-9EC8-33489D0BC611}.Debug|x64.Build.0 = Debug|x64
		{1BC85980-CB45-456E-9EC8-33489D0BC611}.Debug|x86.ActiveCfg = Debug|Win32
		{1BC85980-CB45-456E-9EC8-33489D0BC611}.Debug|x86.Build.0 = Debug|Win32
		{1BC85980-CB45-456E-9EC8-33489D0BC611}.Release|x64.ActiveCfg = Release|x64
		{1BC85980-CB45-456E-9EC8-33489D0BC611}.Release|x64.Build.0 = Release|x64
		{1BC85980-CB45-456E-9EC8-33489D0BC611}.Release|x86.ActiveCfg = Release|Win32
		{1BC85980-CB45-456E-9EC8-33489D0BC611}.Release|x86.Build.0 = Release|Win32
		{F80A91D3-AC66-465C-99D5-49C8D844646E}.Debug|x64.ActiveCfg = Debug|x64
		{F80A91D3-AC66-465C-99D5-49C8D844646E}.Debug|x64.Build.0 = Debug|x64
		{F80A91D3-AC66-465C-99D5-49C8D844646E}.Debug|x86.ActiveCfg = Debug|Win32
		{F80A91D3-AC66-465C-99D5-49C8D844646E}.Debug|x86.Build.0 = Debug|Win32
		{F80A91D3-AC66-465C-99D5-49C8D844646E}.Release|x64.ActiveCfg = Release|x64
		{F80A91D3-AC66-465C-99D5-49C8D844646E}.Release|x64.Build.0 = Release|x64
		{F80A91D3-AC66-465C-99D5-49C8D844646E}.Release|x86.ActiveCfg = Release|Win32
		{F80A91D3-AC66-465C-99D5-49C8D844646E}.Release|x86.Build.0 = Release|Win32
		{6B0CC58F-FF47-4CAE-B1EE-FC50C6CD4557}.Debug|x64.ActiveCfg = Debug|x64
		{6B0CC58F-FF47-4CAE-B1EE-FC50C6CD4557}.Debug|x64.Build.0 = Debug|x64
		{6B0CC58F-FF47-4CAE-B1EE-FC50C6CD4557}.Debug|x86.ActiveCfg = Debug|Win32
		{6B0CC58F-FF47-4CAE-B1EE-FC50C6CD4557}.Debug|x86.Build.0 = Debug|Win32
		{6B0CC58F-FF47-4CAE-B1EE-FC50C6CD4557}.Release|x64.ActiveCfg = Release|x64
		{6B0CC58F-FF47-4CAE-B1EE-FC50C6CD4557}.Release|x64.Build.0 = Release|x64
		{6B0CC58F-FF47-4CAE-B1EE-FC50C6CD4557}.Release|x86.ActiveCfg = Release|Win32
		{6B0CC58F-FF47-4CAE-B1EE-FC50C6CD4557}.Release|x86.Build.0 = Release|Win32
		{621B702B-1E06-4B28-9EE5-56FF2B1F452B}.Debug|x64.ActiveCfg = Debug|x64
		{621B702B-1E06-4B28-9EE5-56FF2B1F452B}.Debug|x64.Build.0 = Debug|x64
		{621B702B-1E06-4B28-9EE5-56FF2B1F452B}.Debug|x86.ActiveCfg = Debug|Win32
		{621B702B-1E06-4B28-9EE5-56FF2B1F452B}.Debug|x86.Build.0 = Debug|Win32
		{621B702B-1E06-4B28-9EE5-56FF2B1F452B}.Release|x64.ActiveCfg = Release|x64
		{621B702B-1E06-4B28-9EE5-56FF2B1F452B}.Release|x64.Build.0 = Release|x64
		{621B702B-1E06-4B28-9EE5-56FF2B1F452B}.Release|x86.ActiveCfg = Release|Win32
		{621B702B-1E06-4B28-9EE5-56FF2B1F452B}.Release|x86.Build.0 = Release|Win32
		{0B7EBC07-37BA-4607-856B-003460C2F8FF}.Debug|x64.ActiveCfg = Debug|x64
		{0B7EBC07-37BA-4607-856B-003460C2F8FF}.Debug|x64.Build.0 = Debug|x64
		{0B7EBC07-37BA-4607-856B-003460C2F8FF}.Debug|x86.ActiveCfg = Debug|Win32
		{0B7EBC07-37BA-4607-856B-003460C2F8FF}.Debug|x86.Build.0 = Debug|Win32
		{0B7EBC07-37BA-4607-856B-003460C2F8FF}.Release|x64.ActiveCfg = Release|x64
		{0B7EBC07-37BA-4607-856B-003460C2F8FF}.Release|x64.Build.0 = Release|x64
		{0B7EBC07-37BA-4607-856B-003460C2F8FF}.Release|x86.ActiveCfg = Release|Win32
		{0B7EBC07-37BA-4607-856B-003460C2F8FF}.Release|x86.Build.0 = Release|Win32
		{D433F968-45A7-401A-B9A7-9CFE5F41E9A2}.Debug|x64.ActiveCfg = Debug|x64
		{D433F968-45A7-401A-B9A7-9CFE5F41E9A2}.Debug|x64.Build.0 = Debug|x64
		{D433F968-45A7-401A-B9A7-9CFE5F41E9A2}.Debug|x86.ActiveCfg = Debug|Win32
		{D433F968-45A7-401A-B9A7-9CFE5F41E9A2}.Debug|x86.Build.0 = Debug|Win32
		{D433F968-45A7-401A-B9A7-9CFE5F41E9A2}.Release|x64.ActiveCfg = Release|x64
		{D433F968-45A7-401A-B9A7-9CFE5F41E9A2}.Release|x64.Build.0 = Release|x64
		{D433F968-45A7-401A-B9A7-9CFE5F41E9A2}.Release|x86.ActiveCfg = Release|Win32
		{D433F968-45A7-401A-B9A7-9CFE5F41E9A2}.Release|x86.Build.0 = Release|Win32
		{A8261847-2A17-4CFA-B587-1FDA22A36C67}.Debug|x64.ActiveCfg = Debug|x64
		{A8261847-2A17-4CFA-B587-1FDA22A36C67}.Debug|x64.Build.0 = Debug|x64
		{A8261847-2A17-4CFA-B587-1FDA22A36C67}.Debug|x86.ActiveCfg = Debug|Win32
		{A8261847-2A17-4CFA-B587-1FDA22A36C67}.Debug|x86.Build.0 = Debug|Win32
		{A8261847-2A17-4CFA-B587-1FDA22A36C67}.Release|x64.ActiveCfg = Release|x64
		{A8261847-2A17-4CFA-B587-1FDA22A36C67}.Release|x64.Build.0 = Release|x64
		{A8261847-2A17-4CFA-B587-1FDA22A36C67}.Release|x86.ActiveCfg = Release|Win32
		{A8261847-2A17-4CFA-B587-1FDA22A36C67}.Release|x86.Build.0 = Release|Win32
		{80E3A8C8-966A-4AEA-BEEC-EAB6477D4480}.Debug|x64.ActiveCfg = Debug|x64
		{80E3A8C8-966A-4AEA-BEEC-EAB6477D4480}.Debug|x64.Build.0 = Debug|x64
		{80E3A8C8-966A-4AEA-BEEC-EAB6477D4480}.Debug|x86.ActiveCfg = Debug|Win32
		{80E3A8C8-966A-4AEA-BEEC-EAB6477D4480}.Debug|x86.Build.0 = Debug|Win32
		{80E3A8C8-966A-4AEA-BEEC-EAB6477D4480}.Release|x64.ActiveCfg = Release|x64
		{80E3A8C8-966A-4AEA-BEEC-EAB6477D4480}.Release|x64.Build.0 = Release|x64
		{80E3A8C8-966A-4AEA-BEEC-EAB6477D4480}.Release|x86.ActiveCfg = Release|Win32
		{80E3A8C8-966A-4AEA-BEEC-EAB6477D4480}.Release|x86.Build.0 = Release|Win32
		{ABA2BBBC-8ACB-43F1-94AC-30065E4F7D1A}.Debug|x64.ActiveCfg = Debug|x64
		{ABA2BBBC-8ACB-43F1-94AC-30065E4F7D1A}.Debug|x64.Build.0 = Debug|x64
		{ABA2BBBC-8ACB-43F1-94AC-30065E4F7D1A}.Debug|x86.ActiveCfg = Debug|Win32
		{ABA2BBBC-8ACB-43F1-94AC-30065E4F7D1A}.Debug|x86.Build.0 = Debug|Win32
		{ABA2BBBC-8ACB-43F1-94AC-30065E4F7D1A}.Release|x64.ActiveCfg = Release|x64
		{ABA2BBBC-8ACB-43F1-94AC-30065E4F7D1A}.Release|x64.Build.0 = Release|x64
		{ABA2BBBC-8ACB-43F1-94AC-30065E4F7D1A}.Release|x86.ActiveCfg = Release|Win32
		{ABA2BBBC-8ACB-43F1-94AC-30065E4F7D1A}.Release|x86.Build.0 = Release|Win32
		{59CF398E-E731-40BA-A4AC-DCC5064416B4}.Debug|x64.ActiveCfg = Debug|x64
		{59CF398E-E731-40BA-A4AC-DCC5064416B4}.Debug|x64.Build.0 = Debug|x64
		{59CF398E-E731-40BA-A4AC-DCC5064416B4}.Debug|x86.ActiveCfg = Debug|Win32
		{59CF398E-E731-40BA-A4AC-DCC5064416B4}.Debug|x86.Build.0 = Debug|Win32
		{59CF398E-E731-40BA-A4AC-DCC5064416B4}.Release|x64.ActiveCfg = Release|x64
		{59CF398E-E731-40BA-A4AC-DCC5064416B4}.Release|x64.Build.0 = Release|x64
		{59CF398E-E731-40BA-A4AC-DCC5064416B4}.Release|x86.ActiveCfg = Release|Win32
		{59CF398E-E731-40BA-A4AC-DCC5064416B4}.Release|x86.Build.0 = Release|Win32
		{F030263D-04A0-467B-A8BB-258704791FB1}.Debug|x64.ActiveCfg = Debug|x64
		{F030263D-04A0-467B-A8BB-258704791FB1}.Debug|x64.Build.0 = Debug|x64
		{F030263D-04A0-467B-A8BB-258704791FB1}.Debug|x86.ActiveCfg = Debug|Win32
		{F030263D-04A0-467B-A8BB-258704791FB1}.Debug|x86.Build.0 = Debug|Win32
		{F030263D-04A0-467B-A8BB-258704791FB1}.Release|x64.ActiveCfg = Release|x64
		{F030263D-04A0-467B-A8BB-258704791FB1}.Release|x64.Build.0 = Release|x64
		{F030263D-04A0-467B-A8BB-258704791FB1}.Release|x86.ActiveCfg = Release|Win32
		{F030263D-04A0-467B-A8BB-258704791FB1}.Release|x86.Build.0 = Release|Win32
		{5176E777-397C-463F-B6D6-EEAEC16EE2F9}.Debug|x64.ActiveCfg = Debug|x64
		{5176E777-397C-463F-B6D6-EEAEC16EE2F9}.Debug|x64.Build.0 = Debug|x64
		{5176E777-397C-463F-B6D6-EEAEC16EE2F9}.Debug|x86.ActiveCfg = Debug|Win32
		{5176E777-397C-463F-B6D6-EEAEC16EE2F9}.Debug|x86.Build.0 = Debug|Win32
		{5176E777-397C-463F-B6D6-EEAEC16EE2F9}.Release|x64.ActiveCfg = Release|x64
		{5176E777-397C-463F-B6D6-EEAEC16EE2F9}.Release|x64.Build.0 = Release|x64
		{5176E777-397C-463F-B6D6-EEAEC16EE2F9}.Release|x86.ActiveCfg = Release|Win32
		{5176E777-397C-463F-B6D6-EEAEC16EE2F9}.Release|x86.Build.0 = Release|Win32
		{17FA88C4-DA7F-472C-AE40-19D6BAAE5D71}.Debug|x64.ActiveCfg = Debug|x64
		{17FA88C4-DA7F-472C-AE40-19D6BAAE5D71}.Debug|x64.Build.0 = Debug|x64
		{17FA88C4-DA7F-472C-AE40-19D6BAAE5D71}.Debug|x86.ActiveCfg = Debug|Win32
		{17FA88C4-DA7F-472C-AE40-19D6BAAE5D71}.Debug|x86.Build.0 = Debug|Win32
		{17FA88C4-DA7F-472C-AE40-19D6BAAE5D71}.Release|x64.ActiveCfg = Release|x64
		{17FA88C4-DA7F-472C-AE40-19D6BAAE5D71}.Release|x64.Build.0 = Release|x64
		{17FA88C4-DA7F-472C-AE40-19D6BAAE5D71}.Release|x86.ActiveCfg = Release|Win32
		{17FA88C4-DA7F-472C-AE40-19D6BAAE5D71}.Release|x86.Build.0 = Release|Win32
		{5311CE1A-B224-4C73-8E83-517FB286F38A}.Debug|x64.ActiveCfg = Debug|x64
		{5311CE1A-B224-4C73-8E83-517FB286F38A}.Debug|x64.Build.0 = Debug|x64
		{5311CE1A-B224-4C73-8E83-517FB286F38A}.Debug|x86.ActiveCfg = Debug|Win32
		{5311CE1A-B224-4C73-8E83-517FB286F38A}.Debug|x86.Build.0 = Debug|Win32
		{5311CE1A-B224-4C73-8E83-517FB286F38A}.Release|x64.ActiveCfg = Release|x64
		{5311CE1A-B224-4C73-8E83-517FB286F38A}.Release|x64.Build.0 = Release|x64
		{5311CE1A-B224-4C73-8E83-517FB286F38A}.Release|x86.ActiveCfg = Release|Win32
		{5311CE1A-B224-4C73-8E83-517FB286F38A}.Release|x86.Build.0 = Release|Win32
		{FD6F2E42-46C8-41F4-B12E-E8493DEB9EA7}.Debug|x64.ActiveCfg = Debug|x64
		{FD6F2E42-46C8-41F4-B12E-E8493DEB9EA7}.Debug|x64.Build.0 = Debug|x64
		{FD6F2E42-46C8-41F4-B12E-E8493DEB9EA7}.Debug|x86.ActiveCfg = Debug|Win32
		{FD6F2E42-46C8-41F4-B12E-E8493DEB9EA7}.Debug|x86.Build.0 = Debug|Win32
		{FD6F2E42-46C8-41F4-B12E-E8493DEB9EA7}.Release|x64.ActiveCfg = Release|x64
		{FD6F2E42-46C8-41F4-B12E-E8493DEB9EA7}.Release|x64.Build.0 = Release|x64
		{FD6F2E42-46C8-41F4-B12E-E8493DEB9EA7}.Release|x86.ActiveCfg = Release|Win32
		{FD6F2E42-46C8-41F4-B12E-E8493DEB9EA7}.Release|x86.Build.0 = Release|Win32
		{9F7A7C3A-A653-4CF2-893A-37D28D0F871E}.Debug|x64.ActiveCfg = Debug|x64
		{9F7A7C3A-A653-4CF2-893A-37D28D0F871E}.Debug|x64.Build.0 = Debug|x64
		{9F7A7C3A-A653-4CF2-893A-37D28D0F871E}.Debug|x86.ActiveCfg = Debug|Win32
		{9F7A7C3A-A653-4CF2-893A-37D28D0F871E}.Debug|x86.Build.0 = Debug|Win32
		{9F7A7C3A-A653-4CF2-893A-37D28D0F871E}.Release|x64.ActiveCfg = Release|x64
		{9F7A7C3A-A653-4CF2-893A-37D28D0F871E}.Release|x64.Build.0 = Release|x64
		{9F7A7C3A-A653-4CF2-893A-37D28D0F871E}.Release|x86.ActiveCfg = Release|Win32
		{9F7A7C3A-A653-4CF2-893A-37D28D0F871E}.Release|x86.Build.0 = Release|Win32
		{E1EDA56C-D08C-427C-9E82-3B8F38A80CCE}.Debug|x64.ActiveCfg = Debug|x64
		{E1EDA56C-D08C-427C-9E82-3B8F38A80CCE}.Debug|x64.Build.0 = Debug|x64
		{E1EDA56C-D08C-427C-9E82-3B8F38A80CCE}.Debug|x86.ActiveCfg = Debug|Win32
		{E1EDA56C-D08C-427C-9E82-3B8F38A80CCE}.Debug|x86.Build.0 = Debug|Win32
		{E1EDA56C-D08C-427C-9E82-3B8F38A80CCE}.Release|x64.ActiveCfg = Release|x64
		{E1EDA56C-D08C-427C-9E82-3B8F38A80CCE}.Release|x64.Build.0 = Release|x64
		{E1EDA56C-D08C-427C-9E82-3B8F38A80CCE}.Release|x86.ActiveCfg = Release|Win32
		{E1EDA56C-D08C-427C-9E82-3B8F38A80CCE}.Release|x86.Build.0 = Release|Win32
		{9341EFA2-4C06-4B06-9AE6-F732D6B88432}.Debug|x64.ActiveCfg = Debug|x64
		{9341EFA2-4C06-4B06-9AE6-F732D6B88432}.Debug|x64.Build.0 = Debug|x64
		{9341EFA2-4C06-4B06-9AE6-F732D6B88432}.Debug|x86.ActiveCfg = Debug|Win32
		{9341EFA2-4C06-4B06-9AE6-F732D6B88432}.Debug|x86.Build.0 = Debug|Win32
		{9341EFA2-4C06-4B06-9AE6-F732D6B88432}.Release|x64.ActiveCfg = Release|x64
		{9341EFA2-4C06-4B06-9AE6-F732D6B88432}.Release|x64.Build.0 = Release|x64
		{9341EFA2-4C06-4B06-9AE6-F732D6B88432}.Release|x86.ActiveCfg = Release|Win32
		{9341EFA2-4C06-4B06-9AE6-F732D6B88432}.Release|x86.Build.0 = Release|Win32
		{420AE538-6771-4E19-8CBB-96A1D60F6A55}.Debug|x64.ActiveCfg = Debug|x64
		{420AE538-6771-4E19-8CBB-96A1D60F6A55}.Debug|x64.Build.0 = Debug|x64
		{420AE538-6771-4E19-8CBB-96A1D60F6A55}.Debug|x86.ActiveCfg = Debug|Win32
		{420AE538-6771-4E19-8CBB-96A1D60F6A55}.Debug|x86.Build.0 = Debug|Win32
		{420AE538-6771-4E19-8CBB-96A1D60F6A55}.Release|x64.ActiveCfg = Release|x64
		{420AE538-6771-4E19-8CBB-96A1D60F6A55}.Release|x64.Build.0 = Release|x64
		{420AE538-6771-4E19-8CBB-96A1D60F6A55}.Release|x86.ActiveCfg = Release|Win32
		{420AE538-6771-4E19-8CBB-96A1D60F6A55}.Release|x86.Build.0 = Release|Win32
		{9EBB59A2-152C-4A8F-A7F1-3C566EABE923}.Debug|x64.ActiveCfg = Debug|x64
		{9EBB59A2-152C-4A8F-A7F1-3C566EABE923}.Debug|x64.Build.0 = Debug|x64
		{9EBB59A2-152C-4A8F-A7F1-3C566EABE923}.Debug|x86.ActiveCfg = Debug|Win32
		{9EBB59A2-152C-4A8F-A7F1-3C566EABE923}.Debug|x86.Build.0 = Debug|Win32
		{9EBB59A2-152C-4A8F-A7F1-3C566EABE923}.Release|x64.ActiveCfg = Release|x64
		{9EBB59A2-152C-4A8F-A7F1-3C566EABE923}.Release|x64.Build.0 = Release|x64
		{9EBB59A2-152C-4A8F-A7F1-3C566EABE923}.Release|x86.ActiveCfg = Release|Win32
		{9EBB59A2-152C-4A8F-A7F1-3C566EABE923}.Release|x86.Build.0 = Release|Win32
	EndGlobalSection
	GlobalSection(SolutionProperties) = preSolution
		HideSolutionNode = FALSE
	EndGlobalSection
	GlobalSection(ExtensibilityGlobals) = postSolution
		SolutionGuid = {82EF6FE1-8FFC-47D1-BA1D-BFC223A9CA35}
	EndGlobalSection
EndGlobal
